
Microsoft Visual Studio Solution File, Format Version 12.00
# Visual Studio 15
VisualStudioVersion = 15.0.28307.960
MinimumVisualStudioVersion = 10.0.40219.1
Project("{FAE04EC0-301F-11D3-BF4B-00C04F79EFBC}") = "Ajaxcall", "Ajaxcall\Ajaxcall.csproj", "{C7D7DDC5-E541-4939-BFC5-EC0F94C7BF39}"
EndProject
Global
	GlobalSection(SolutionConfigurationPlatforms) = preSolution
		Debug|Any CPU = Debug|Any CPU
		Release|Any CPU = Release|Any CPU
	EndGlobalSection
	GlobalSection(ProjectConfigurationPlatforms) = postSolution
		{C7D7DDC5-E541-4939-BFC5-EC0F94C7BF39}.Debug|Any CPU.ActiveCfg = Debug|Any CPU
		{C7D7DDC5-E541-4939-BFC5-EC0F94C7BF39}.Debug|Any CPU.Build.0 = Debug|Any CPU
		{C7D7DDC5-E541-4939-BFC5-EC0F94C7BF39}.Release|Any CPU.ActiveCfg = Release|Any CPU
		{C7D7DDC5-E541-4939-BFC5-EC0F94C7BF39}.Release|Any CPU.Build.0 = Release|Any CPU
	EndGlobalSection
	GlobalSection(SolutionProperties) = preSolution
		HideSolutionNode = FALSE
	EndGlobalSection
	GlobalSection(ExtensibilityGlobals) = postSolution
		SolutionGuid = {27588E16-6398-4639-BCE7-3D4F93F6B927}
	EndGlobalSection
EndGlobal
